// !$*UTF8*$!
{
	archiveVersion = 1;
	classes = {
	};
	objectVersion = 50;
	objects = {

/* Begin PBXBuildFile section */
		476C58DA24C67F5A00FE5F29 /* AppDelegate.swift in Sources */ = {isa = PBXBuildFile; fileRef = 476C58D924C67F5A00FE5F29 /* AppDelegate.swift */; };
		476C58DC24C67F5A00FE5F29 /* SceneDelegate.swift in Sources */ = {isa = PBXBuildFile; fileRef = 476C58DB24C67F5A00FE5F29 /* SceneDelegate.swift */; };
		476C58DE24C67F5A00FE5F29 /* ViewController.swift in Sources */ = {isa = PBXBuildFile; fileRef = 476C58DD24C67F5A00FE5F29 /* ViewController.swift */; };
		476C58E124C67F5A00FE5F29 /* Main.storyboard in Resources */ = {isa = PBXBuildFile; fileRef = 476C58DF24C67F5A00FE5F29 /* Main.storyboard */; };
		476C58E324C67F5B00FE5F29 /* Assets.xcassets in Resources */ = {isa = PBXBuildFile; fileRef = 476C58E224C67F5B00FE5F29 /* Assets.xcassets */; };
		476C58E624C67F5B00FE5F29 /* LaunchScreen.storyboard in Resources */ = {isa = PBXBuildFile; fileRef = 476C58E424C67F5B00FE5F29 /* LaunchScreen.storyboard */; };
/* End PBXBuildFile section */

/* Begin PBXFileReference section */
		476C58D624C67F5A00FE5F29 /* CollectionsChallenge.app */ = {isa = PBXFileReference; explicitFileType = wrapper.application; includeInIndex = 0; path = CollectionsChallenge.app; sourceTree = BUILT_PRODUCTS_DIR; };
		476C58D924C67F5A00FE5F29 /* AppDelegate.swift */ = {isa = PBXFileReference; lastKnownFileType = sourcecode.swift; path = AppDelegate.swift; sourceTree = "<group>"; };
		476C58DB24C67F5A00FE5F29 /* SceneDelegate.swift */ = {isa = PBXFileReference; lastKnownFileType = sourcecode.swift; path = SceneDelegate.swift; sourceTree = "<group>"; };
		476C58DD24C67F5A00FE5F29 /* ViewController.swift */ = {isa = PBXFileReference; lastKnownFileType = sourcecode.swift; path = ViewController.swift; sourceTree = "<group>"; };
		476C58E024C67F5A00FE5F29 /* Base */ = {isa = PBXFileReference; lastKnownFileType = file.storyboard; name = Base; path = Base.lproj/Main.storyboard; sourceTree = "<group>"; };
		476C58E224C67F5B00FE5F29 /* Assets.xcassets */ = {isa = PBXFileReference; lastKnownFileType = folder.assetcatalog; path = Assets.xcassets; sourceTree = "<group>"; };
		476C58E524C67F5B00FE5F29 /* Base */ = {isa = PBXFileReference; lastKnownFileType = file.storyboard; name = Base; path = Base.lproj/LaunchScreen.storyboard; sourceTree = "<group>"; };
		476C58E724C67F5B00FE5F29 /* Info.plist */ = {isa = PBXFileReference; lastKnownFileType = text.plist.xml; path = Info.plist; sourceTree = "<group>"; };
/* End PBXFileReference section */

/* Begin PBXFrameworksBuildPhase section */
		476C58D324C67F5A00FE5F29 /* Frameworks */ = {
			isa = PBXFrameworksBuildPhase;
			buildActionMask = 2147483647;
			files = (
			);
			runOnlyForDeploymentPostprocessing = 0;
		};
/* End PBXFrameworksBuildPhase section */

/* Begin PBXGroup section */
		476C58CD24C67F5A00FE5F29 = {
			isa = PBXGroup;
			children = (
				476C58D824C67F5A00FE5F29 /* CollectionsChallenge */,
				476C58D724C67F5A00FE5F29 /* Products */,
			);
			sourceTree = "<group>";
		};
		476C58D724C67F5A00FE5F29 /* Products */ = {
			isa = PBXGroup;
			children = (
				476C58D624C67F5A00FE5F29 /* CollectionsChallenge.app */,
			);
			name = Products;
			sourceTree = "<group>";
		};
		476C58D824C67F5A00FE5F29 /* CollectionsChallenge */ = {
			isa = PBXGroup;
			children = (
				476C58D924C67F5A00FE5F29 /* AppDelegate.swift */,
				476C58DB24C67F5A00FE5F29 /* SceneDelegate.swift */,
				476C58DD24C67F5A00FE5F29 /* ViewController.swift */,
				476C58DF24C67F5A00FE5F29 /* Main.storyboard */,
				476C58E224C67F5B00FE5F29 /* Assets.xcassets */,
				476C58E424C67F5B00FE5F29 /* LaunchScreen.storyboard */,
				476C58E724C67F5B00FE5F29 /* Info.plist */,
			);
			path = CollectionsChallenge;
			sourceTree = "<group>";
		};
/* End PBXGroup section */

/* Begin PBXNativeTarget section */
		476C58D524C67F5A00FE5F29 /* CollectionsChallenge */ = {
			isa = PBXNativeTarget;
			buildConfigurationList = 476C58EA24C67F5B00FE5F29 /* Build configuration list for PBXNativeTarget "CollectionsChallenge" */;
			buildPhases = (
				476C58D224C67F5A00FE5F29 /* Sources */,
				476C58D324C67F5A00FE5F29 /* Frameworks */,
				476C58D424C67F5A00FE5F29 /* Resources */,
			);
			buildRules = (
			);
			dependencies = (
			);
			name = CollectionsChallenge;
			productName = CollectionsChallenge;
			productReference = 476C58D624C67F5A00FE5F29 /* CollectionsChallenge.app */;
			productType = "com.apple.product-type.application";
		};
/* End PBXNativeTarget section */

/* Begin PBXProject section */
		476C58CE24C67F5A00FE5F29 /* Project object */ = {
			isa = PBXProject;
			attributes = {
				LastSwiftUpdateCheck = 1130;
				LastUpgradeCheck = 1130;
				ORGANIZATIONNAME = MobileMakersEdu;
				TargetAttributes = {
					476C58D524C67F5A00FE5F29 = {
						CreatedOnToolsVersion = 11.3.1;
					};
				};
			};
			buildConfigurationList = 476C58D124C67F5A00FE5F29 /* Build configuration list for PBXProject "CollectionsChallenge" */;
			compatibilityVersion = "Xcode 9.3";
			developmentRegion = en;
			hasScannedForEncodings = 0;
			knownRegions = (
				en,
				Base,
			);
			mainGroup = 476C58CD24C67F5A00FE5F29;
			productRefGroup = 476C58D724C67F5A00FE5F29 /* Products */;
			projectDirPath = "";
			projectRoot = "";
			targets = (
				476C58D524C67F5A00FE5F29 /* CollectionsChallenge */,
			);
		};
/* End PBXProject section */

/* Begin PBXResourcesBuildPhase section */
		476C58D424C67F5A00FE5F29 /* Resources */ = {
			isa = PBXResourcesBuildPhase;
			buildActionMask = 2147483647;
			files = (
				476C58E624C67F5B00FE5F29 /* LaunchScreen.storyboard in Resources */,
				476C58E324C67F5B00FE5F29 /* Assets.xcassets in Resources */,
				476C58E124C67F5A00FE5F29 /* Main.storyboard in Resources */,
			);
			runOnlyForDeploymentPostprocessing = 0;
		};
/* End PBXResourcesBuildPhase section */

/* Begin PBXSourcesBuildPhase section */
		476C58D224C67F5A00FE5F29 /* Sources */ = {
			isa = PBXSourcesBuildPhase;
			buildActionMask = 2147483647;
			files = (
				476C58DE24C67F5A00FE5F29 /* ViewController.swift in Sources */,
				476C58DA24C67F5A00FE5F29 /* AppDelegate.swift in Sources */,
				476C58DC24C67F5A00FE5F29 /* SceneDelegate.swift in Sources */,
			);
			runOnlyForDeploymentPostprocessing = 0;
		};
/* End PBXSourcesBuildPhase section */

/* Begin PBXVariantGroup section */
		476C58DF24C67F5A00FE5F29 /* Main.storyboard */ = {
			isa = PBXVariantGroup;
			children = (
				476C58E024C67F5A00FE5F29 /* Base */,
			);
			name = Main.storyboard;
			sourceTree = "<group>";
		};
		476C58E424C67F5B00FE5F29 /* LaunchScreen.storyboard */ = {
			isa = PBXVariantGroup;
			children = (
				476C58E524C67F5B00FE5F29 /* Base */,
			);
			name = LaunchScreen.storyboard;
			sourceTree = "<group>";
		};
/* End PBXVariantGroup section */

/* Begin XCBuildConfiguration section */
		476C58E824C67F5B00FE5F29 /* Debug */ = {
			isa = XCBuildConfiguration;
			buildSettings = {
				ALWAYS_SEARCH_USER_PATHS = NO;
				CLANG_ANALYZER_NONNULL = YES;
				CLANG_ANALYZER_NUMBER_OBJECT_CONVERSION = YES_AGGRESSIVE;
				CLANG_CXX_LANGUAGE_STANDARD = "gnu++14";
				CLANG_CXX_LIBRARY = "libc++";
				CLANG_ENABLE_MODULES = YES;
				CLANG_ENABLE_OBJC_ARC = YES;
				CLANG_ENABLE_OBJC_WEAK = YES;
				CLANG_WARN_BLOCK_CAPTURE_AUTORELEASING = YES;
				CLANG_WARN_BOOL_CONVERSION = YES;
				CLANG_WARN_COMMA = YES;
				CLANG_WARN_CONSTANT_CONVERSION = YES;
				CLANG_WARN_DEPRECATED_OBJC_IMPLEMENTATIONS = YES;
				CLANG_WARN_DIRECT_OBJC_ISA_USAGE = YES_ERROR;
				CLANG_WARN_DOCUMENTATION_COMMENTS = YES;
				CLANG_WARN_EMPTY_BODY = YES;
				CLANG_WARN_ENUM_CONVERSION = YES;
				CLANG_WARN_INFINITE_RECURSION = YES;
				CLANG_WARN_INT_CONVERSION = YES;
				CLANG_WARN_NON_LITERAL_NULL_CONVERSION = YES;
				CLANG_WARN_OBJC_IMPLICIT_RETAIN_SELF = YES;
				CLANG_WARN_OBJC_LITERAL_CONVERSION = YES;
				CLANG_WARN_OBJC_ROOT_CLASS = YES_ERROR;
				CLANG_WARN_RANGE_LOOP_ANALYSIS = YES;
				CLANG_WARN_STRICT_PROTOTYPES = YES;
				CLANG_WARN_SUSPICIOUS_MOVE = YES;
				CLANG_WARN_UNGUARDED_AVAILABILITY = YES_AGGRESSIVE;
				CLANG_WARN_UNREACHABLE_CODE = YES;
				CLANG_WARN__DUPLICATE_METHOD_MATCH = YES;
				COPY_PHASE_STRIP = NO;
				DEBUG_INFORMATION_FORMAT = dwarf;
				ENABLE_STRICT_OBJC_MSGSEND = YES;
				ENABLE_TESTABILITY = YES;
				GCC_C_LANGUAGE_STANDARD = gnu11;
				GCC_DYNAMIC_NO_PIC = NO;
				GCC_NO_COMMON_BLOCKS = YES;
				GCC_OPTIMIZATION_LEVEL = 0;
				GCC_PREPROCESSOR_DEFINITIONS = (
					"DEBUG=1",
					"$(inherited)",
				);
				GCC_WARN_64_TO_32_BIT_CONVERSION = YES;
				GCC_WARN_ABOUT_RETURN_TYPE = YES_ERROR;
				GCC_WARN_UNDECLARED_SELECTOR = YES;
				GCC_WARN_UNINITIALIZED_AUTOS = YES_AGGRESSIVE;
				GCC_WARN_UNUSED_FUNCTION = YES;
				GCC_WARN_UNUSED_VARIABLE = YES;
				IPHONEOS_DEPLOYMENT_TARGET = 13.2;
				MTL_ENABLE_DEBUG_INFO = INCLUDE_SOURCE;
				MTL_FAST_MATH = YES;
				ONLY_ACTIVE_ARCH = YES;
				SDKROOT = iphoneos;
				SWIFT_ACTIVE_COMPILATION_CONDITIONS = DEBUG;
				SWIFT_OPTIMIZATION_LEVEL = "-Onone";
			};
			name = Debug;
		};
		476C58E924C67F5B00FE5F29 /* Release */ = {
			isa = XCBuildConfiguration;
			buildSettings = {
				ALWAYS_SEARCH_USER_PATHS = NO;
				CLANG_ANALYZER_NONNULL = YES;
				CLANG_ANALYZER_NUMBER_OBJECT_CONVERSION = YES_AGGRESSIVE;
				CLANG_CXX_LANGUAGE_STANDARD = "gnu++14";
				CLANG_CXX_LIBRARY = "libc++";
				CLANG_ENABLE_MODULES = YES;
				CLANG_ENABLE_OBJC_ARC = YES;
				CLANG_ENABLE_OBJC_WEAK = YES;
				CLANG_WARN_BLOCK_CAPTURE_AUTORELEASING = YES;
				CLANG_WARN_BOOL_CONVERSION = YES;
				CLANG_WARN_COMMA = YES;
				CLANG_WARN_CONSTANT_CONVERSION = YES;
				CLANG_WARN_DEPRECATED_OBJC_IMPLEMENTATIONS = YES;
				CLANG_WARN_DIRECT_OBJC_ISA_USAGE = YES_ERROR;
				CLANG_WARN_DOCUMENTATION_COMMENTS = YES;
				CLANG_WARN_EMPTY_BODY = YES;
				CLANG_WARN_ENUM_CONVERSION = YES;
				CLANG_WARN_INFINITE_RECURSION = YES;
				CLANG_WARN_INT_CONVERSION = YES;
				CLANG_WARN_NON_LITERAL_NULL_CONVERSION = YES;
				CLANG_WARN_OBJC_IMPLICIT_RETAIN_SELF = YES;
				CLANG_WARN_OBJC_LITERAL_CONVERSION = YES;
				CLANG_WARN_OBJC_ROOT_CLASS = YES_ERROR;
				CLANG_WARN_RANGE_LOOP_ANALYSIS = YES;
				CLANG_WARN_STRICT_PROTOTYPES = YES;
				CLANG_WARN_SUSPICIOUS_MOVE = YES;
				CLANG_WARN_UNGUARDED_AVAILABILITY = YES_AGGRESSIVE;
				CLANG_WARN_UNREACHABLE_CODE = YES;
				CLANG_WARN__DUPLICATE_METHOD_MATCH = YES;
				COPY_PHASE_STRIP = NO;
				DEBUG_INFORMATION_FORMAT = "dwarf-with-dsym";
				ENABLE_NS_ASSERTIONS = NO;
				ENABLE_STRICT_OBJC_MSGSEND = YES;
				GCC_C_LANGUAGE_STANDARD = gnu11;
				GCC_NO_COMMON_BLOCKS = YES;
				GCC_WARN_64_TO_32_BIT_CONVERSION = YES;
				GCC_WARN_ABOUT_RETURN_TYPE = YES_ERROR;
				GCC_WARN_UNDECLARED_SELECTOR = YES;
				GCC_WARN_UNINITIALIZED_AUTOS = YES_AGGRESSIVE;
				GCC_WARN_UNUSED_FUNCTION = YES;
				GCC_WARN_UNUSED_VARIABLE = YES;
				IPHONEOS_DEPLOYMENT_TARGET = 13.2;
				MTL_ENABLE_DEBUG_INFO = NO;
				MTL_FAST_MATH = YES;
				SDKROOT = iphoneos;
				SWIFT_COMPILATION_MODE = wholemodule;
				SWIFT_OPTIMIZATION_LEVEL = "-O";
				VALIDATE_PRODUCT = YES;
			};
			name = Release;
		};
		476C58EB24C67F5B00FE5F29 /* Debug */ = {
			isa = XCBuildConfiguration;
			buildSettings = {
				ASSETCATALOG_COMPILER_APPICON_NAME = AppIcon;
				CODE_SIGN_STYLE = Automatic;
				INFOPLIST_FILE = CollectionsChallenge/Info.plist;
				IPHONEOS_DEPLOYMENT_TARGET = 13.1;
				LD_RUNPATH_SEARCH_PATHS = (
					"$(inherited)",
					"@executable_path/Frameworks",
				);
				PRODUCT_BUNDLE_IDENTIFIER = mme.CollectionsChallenge;
				PRODUCT_NAME = "$(TARGET_NAME)";
				SWIFT_VERSION = 5.0;
				TARGETED_DEVICE_FAMILY = "1,2";
			};
			name = Debug;
		};
		476C58EC24C67F5B00FE5F29 /* Release */ = {
			isa = XCBuildConfiguration;
			buildSettings = {
				ASSETCATALOG_COMPILER_APPICON_NAME = AppIcon;
				CODE_SIGN_STYLE = Automatic;
				INFOPLIST_FILE = CollectionsChallenge/Info.plist;
				IPHONEOS_DEPLOYMENT_TARGET = 13.1;
				LD_RUNPATH_SEARCH_PATHS = (
					"$(inherited)",
					"@executable_path/Frameworks",
				);
				PRODUCT_BUNDLE_IDENTIFIER = mme.CollectionsChallenge;
				PRODUCT_NAME = "$(TARGET_NAME)";
				SWIFT_VERSION = 5.0;
				TARGETED_DEVICE_FAMILY = "1,2";
			};
			name = Release;
		};
/* End XCBuildConfiguration section */

/* Begin XCConfigurationList section */
		476C58D124C67F5A00FE5F29 /* Build configuration list for PBXProject "CollectionsChallenge" */ = {
			isa = XCConfigurationList;
			buildConfigurations = (
				476C58E824C67F5B00FE5F29 /* Debug */,
				476C58E924C67F5B00FE5F29 /* Release */,
			);
			defaultConfigurationIsVisible = 0;
			defaultConfigurationName = Release;
		};
		476C58EA24C67F5B00FE5F29 /* Build configuration list for PBXNativeTarget "CollectionsChallenge" */ = {
			isa = XCConfigurationList;
			buildConfigurations = (
				476C58EB24C67F5B00FE5F29 /* Debug */,
				476C58EC24C67F5B00FE5F29 /* Release */,
			);
			defaultConfigurationIsVisible = 0;
			defaultConfigurationName = Release;
		};
/* End XCConfigurationList section */
	};
	rootObject = 476C58CE24C67F5A00FE5F29 /* Project object */;
}
